
Microsoft Visual Studio Solution File, Format Version 12.00
# Visual Studio Version 17
VisualStudioVersion = 17.4.33205.214
MinimumVisualStudioVersion = 10.0.40219.1
Project("{FAE04EC0-301F-11D3-BF4B-00C04F79EFBC}") = "ModEngine2ConfigTool", "ModEngine2ConfigTool\ModEngine2ConfigTool.csproj", "{457A461C-6A42-4E01-8E48-7641E8BF65FB}"
EndProject
Global
	GlobalSection(SolutionConfigurationPlatforms) = preSolution
		Debug|Any CPU = Debug|Any CPU
		Release|Any CPU = Release|Any CPU
	EndGlobalSection
	GlobalSection(ProjectConfigurationPlatforms) = postSolution
		{457A461C-6A42-4E01-8E48-7641E8BF65FB}.Debug|Any CPU.ActiveCfg = Debug|Any CPU
		{457A461C-6A42-4E01-8E48-7641E8BF65FB}.Debug|Any CPU.Build.0 = Debug|Any CPU
		{457A461C-6A42-4E01-8E48-7641E8BF65FB}.Release|Any CPU.ActiveCfg = Release|Any CPU
		{457A461C-6A42-4E01-8E48-7641E8BF65FB}.Release|Any CPU.Build.0 = Release|Any CPU
	EndGlobalSection
	GlobalSection(SolutionProperties) = preSolution
		HideSolutionNode = FALSE
	EndGlobalSection
	GlobalSection(ExtensibilityGlobals) = postSolution
		SolutionGuid = {7F68B947-F506-402E-9EDF-0A0FB89B3206}
	EndGlobalSection
EndGlobal
